// !$*UTF8*$!
{
	archiveVersion = 1;
	classes = {
	};
	objectVersion = 46;
	objects = {

/* Begin PBXBuildFile section */
		D48FD9B51EC495F300350FE7 /* main.m in Sources */ = {isa = PBXBuildFile; fileRef = D48FD9B41EC495F300350FE7 /* main.m */; };
		D48FD9B81EC495F300350FE7 /* AppDelegate.m in Sources */ = {isa = PBXBuildFile; fileRef = D48FD9B71EC495F300350FE7 /* AppDelegate.m */; };
		D48FD9BB1EC495F300350FE7 /* ViewController.m in Sources */ = {isa = PBXBuildFile; fileRef = D48FD9BA1EC495F300350FE7 /* ViewController.m */; };
		D48FD9BE1EC495F300350FE7 /* Main.storyboard in Resources */ = {isa = PBXBuildFile; fileRef = D48FD9BC1EC495F300350FE7 /* Main.storyboard */; };
		D48FD9C01EC495F300350FE7 /* Assets.xcassets in Resources */ = {isa = PBXBuildFile; fileRef = D48FD9BF1EC495F300350FE7 /* Assets.xcassets */; };
		D48FD9C31EC495F300350FE7 /* LaunchScreen.storyboard in Resources */ = {isa = PBXBuildFile; fileRef = D48FD9C11EC495F300350FE7 /* LaunchScreen.storyboard */; };
		D48FD9CE1EC495F300350FE7 /* CityDemoTests.m in Sources */ = {isa = PBXBuildFile; fileRef = D48FD9CD1EC495F300350FE7 /* CityDemoTests.m */; };
		D48FD9D91EC495F300350FE7 /* CityDemoUITests.m in Sources */ = {isa = PBXBuildFile; fileRef = D48FD9D81EC495F300350FE7 /* CityDemoUITests.m */; };
		D48FD9F41EC4961000350FE7 /* ChineseToPinyinResource.m in Sources */ = {isa = PBXBuildFile; fileRef = D48FD9E81EC4961000350FE7 /* ChineseToPinyinResource.m */; };
		D48FD9F51EC4961000350FE7 /* HanyuPinyinOutputFormat.m in Sources */ = {isa = PBXBuildFile; fileRef = D48FD9EA1EC4961000350FE7 /* HanyuPinyinOutputFormat.m */; };
		D48FD9F61EC4961000350FE7 /* NSString+PinYin4Cocoa.m in Sources */ = {isa = PBXBuildFile; fileRef = D48FD9EC1EC4961000350FE7 /* NSString+PinYin4Cocoa.m */; };
		D48FD9F71EC4961000350FE7 /* PinyinFormatter.m in Sources */ = {isa = PBXBuildFile; fileRef = D48FD9EE1EC4961000350FE7 /* PinyinFormatter.m */; };
		D48FD9F81EC4961000350FE7 /* PinYinForObjc.m in Sources */ = {isa = PBXBuildFile; fileRef = D48FD9F01EC4961000350FE7 /* PinYinForObjc.m */; };
		D48FD9F91EC4961000350FE7 /* PinyinHelper.m in Sources */ = {isa = PBXBuildFile; fileRef = D48FD9F21EC4961000350FE7 /* PinyinHelper.m */; };
		D48FD9FA1EC4961000350FE7 /* unicode_to_hanyu_pinyin.txt in Resources */ = {isa = PBXBuildFile; fileRef = D48FD9F31EC4961000350FE7 /* unicode_to_hanyu_pinyin.txt */; };
		D48FDA001EC4962F00350FE7 /* CityAirport.m in Sources */ = {isa = PBXBuildFile; fileRef = D48FD9FC1EC4962F00350FE7 /* CityAirport.m */; };
		D48FDA061EC49A7F00350FE7 /* SelectAirportTableViewController.m in Sources */ = {isa = PBXBuildFile; fileRef = D48FDA041EC49A7F00350FE7 /* SelectAirportTableViewController.m */; };
		D48FDA071EC49A7F00350FE7 /* SelectAirportTableViewController.xib in Resources */ = {isa = PBXBuildFile; fileRef = D48FDA051EC49A7F00350FE7 /* SelectAirportTableViewController.xib */; };
		D48FDA0B1EC4B1F200350FE7 /* TXCityTableViewCell.m in Sources */ = {isa = PBXBuildFile; fileRef = D48FDA091EC4B1F200350FE7 /* TXCityTableViewCell.m */; };
		D48FDA0C1EC4B1F200350FE7 /* TXCityTableViewCell.xib in Resources */ = {isa = PBXBuildFile; fileRef = D48FDA0A1EC4B1F200350FE7 /* TXCityTableViewCell.xib */; };
		D48FDA101EC4B34300350FE7 /* TXCityCollectionViewCell.m in Sources */ = {isa = PBXBuildFile; fileRef = D48FDA0E1EC4B34300350FE7 /* TXCityCollectionViewCell.m */; };
		D48FDA111EC4B34300350FE7 /* TXCityCollectionViewCell.xib in Resources */ = {isa = PBXBuildFile; fileRef = D48FDA0F1EC4B34300350FE7 /* TXCityCollectionViewCell.xib */; };
/* End PBXBuildFile section */

/* Begin PBXContainerItemProxy section */
		D48FD9CA1EC495F300350FE7 /* PBXContainerItemProxy */ = {
			isa = PBXContainerItemProxy;
			containerPortal = D48FD9A81EC495F300350FE7 /* Project object */;
			proxyType = 1;
			remoteGlobalIDString = D48FD9AF1EC495F300350FE7;
			remoteInfo = CityDemo;
		};
		D48FD9D51EC495F300350FE7 /* PBXContainerItemProxy */ = {
			isa = PBXContainerItemProxy;
			containerPortal = D48FD9A81EC495F300350FE7 /* Project object */;
			proxyType = 1;
			remoteGlobalIDString = D48FD9AF1EC495F300350FE7;
			remoteInfo = CityDemo;
		};
/* End PBXContainerItemProxy section */

/* Begin PBXFileReference section */
		D48FD9B01EC495F300350FE7 /* CityDemo.app */ = {isa = PBXFileReference; explicitFileType = wrapper.application; includeInIndex = 0; path = CityDemo.app; sourceTree = BUILT_PRODUCTS_DIR; };
		D48FD9B41EC495F300350FE7 /* main.m */ = {isa = PBXFileReference; lastKnownFileType = sourcecode.c.objc; path = main.m; sourceTree = "<group>"; };
		D48FD9B61EC495F300350FE7 /* AppDelegate.h */ = {isa = PBXFileReference; lastKnownFileType = sourcecode.c.h; path = AppDelegate.h; sourceTree = "<group>"; };
		D48FD9B71EC495F300350FE7 /* AppDelegate.m */ = {isa = PBXFileReference; lastKnownFileType = sourcecode.c.objc; path = AppDelegate.m; sourceTree = "<group>"; };
		D48FD9B91EC495F300350FE7 /* ViewController.h */ = {isa = PBXFileReference; lastKnownFileType = sourcecode.c.h; path = ViewController.h; sourceTree = "<group>"; };
		D48FD9BA1EC495F300350FE7 /* ViewController.m */ = {isa = PBXFileReference; lastKnownFileType = sourcecode.c.objc; path = ViewController.m; sourceTree = "<group>"; };
		D48FD9BD1EC495F300350FE7 /* Base */ = {isa = PBXFileReference; lastKnownFileType = file.storyboard; name = Base; path = Base.lproj/Main.storyboard; sourceTree = "<group>"; };
		D48FD9BF1EC495F300350FE7 /* Assets.xcassets */ = {isa = PBXFileReference; lastKnownFileType = folder.assetcatalog; path = Assets.xcassets; sourceTree = "<group>"; };
		D48FD9C21EC495F300350FE7 /* Base */ = {isa = PBXFileReference; lastKnownFileType = file.storyboard; name = Base; path = Base.lproj/LaunchScreen.storyboard; sourceTree = "<group>"; };
		D48FD9C41EC495F300350FE7 /* Info.plist */ = {isa = PBXFileReference; lastKnownFileType = text.plist.xml; path = Info.plist; sourceTree = "<group>"; };
		D48FD9C91EC495F300350FE7 /* CityDemoTests.xctest */ = {isa = PBXFileReference; explicitFileType = wrapper.cfbundle; includeInIndex = 0; path = CityDemoTests.xctest; sourceTree = BUILT_PRODUCTS_DIR; };
		D48FD9CD1EC495F300350FE7 /* CityDemoTests.m */ = {isa = PBXFileReference; lastKnownFileType = sourcecode.c.objc; path = CityDemoTests.m; sourceTree = "<group>"; };
		D48FD9CF1EC495F300350FE7 /* Info.plist */ = {isa = PBXFileReference; lastKnownFileType = text.plist.xml; path = Info.plist; sourceTree = "<group>"; };
		D48FD9D41EC495F300350FE7 /* CityDemoUITests.xctest */ = {isa = PBXFileReference; explicitFileType = wrapper.cfbundle; includeInIndex = 0; path = CityDemoUITests.xctest; sourceTree = BUILT_PRODUCTS_DIR; };
		D48FD9D81EC495F300350FE7 /* CityDemoUITests.m */ = {isa = PBXFileReference; lastKnownFileType = sourcecode.c.objc; path = CityDemoUITests.m; sourceTree = "<group>"; };
		D48FD9DA1EC495F300350FE7 /* Info.plist */ = {isa = PBXFileReference; lastKnownFileType = text.plist.xml; path = Info.plist; sourceTree = "<group>"; };
		D48FD9E71EC4961000350FE7 /* ChineseToPinyinResource.h */ = {isa = PBXFileReference; fileEncoding = 4; lastKnownFileType = sourcecode.c.h; path = ChineseToPinyinResource.h; sourceTree = "<group>"; };
		D48FD9E81EC4961000350FE7 /* ChineseToPinyinResource.m */ = {isa = PBXFileReference; fileEncoding = 4; lastKnownFileType = sourcecode.c.objc; path = ChineseToPinyinResource.m; sourceTree = "<group>"; };
		D48FD9E91EC4961000350FE7 /* HanyuPinyinOutputFormat.h */ = {isa = PBXFileReference; fileEncoding = 4; lastKnownFileType = sourcecode.c.h; path = HanyuPinyinOutputFormat.h; sourceTree = "<group>"; };
		D48FD9EA1EC4961000350FE7 /* HanyuPinyinOutputFormat.m */ = {isa = PBXFileReference; fileEncoding = 4; lastKnownFileType = sourcecode.c.objc; path = HanyuPinyinOutputFormat.m; sourceTree = "<group>"; };
		D48FD9EB1EC4961000350FE7 /* NSString+PinYin4Cocoa.h */ = {isa = PBXFileReference; fileEncoding = 4; lastKnownFileType = sourcecode.c.h; path = "NSString+PinYin4Cocoa.h"; sourceTree = "<group>"; };
		D48FD9EC1EC4961000350FE7 /* NSString+PinYin4Cocoa.m */ = {isa = PBXFileReference; fileEncoding = 4; lastKnownFileType = sourcecode.c.objc; path = "NSString+PinYin4Cocoa.m"; sourceTree = "<group>"; };
		D48FD9ED1EC4961000350FE7 /* PinyinFormatter.h */ = {isa = PBXFileReference; fileEncoding = 4; lastKnownFileType = sourcecode.c.h; path = PinyinFormatter.h; sourceTree = "<group>"; };
		D48FD9EE1EC4961000350FE7 /* PinyinFormatter.m */ = {isa = PBXFileReference; fileEncoding = 4; lastKnownFileType = sourcecode.c.objc; path = PinyinFormatter.m; sourceTree = "<group>"; };
		D48FD9EF1EC4961000350FE7 /* PinYinForObjc.h */ = {isa = PBXFileReference; fileEncoding = 4; lastKnownFileType = sourcecode.c.h; path = PinYinForObjc.h; sourceTree = "<group>"; };
		D48FD9F01EC4961000350FE7 /* PinYinForObjc.m */ = {isa = PBXFileReference; fileEncoding = 4; lastKnownFileType = sourcecode.c.objc; path = PinYinForObjc.m; sourceTree = "<group>"; };
		D48FD9F11EC4961000350FE7 /* PinyinHelper.h */ = {isa = PBXFileReference; fileEncoding = 4; lastKnownFileType = sourcecode.c.h; path = PinyinHelper.h; sourceTree = "<group>"; };
		D48FD9F21EC4961000350FE7 /* PinyinHelper.m */ = {isa = PBXFileReference; fileEncoding = 4; lastKnownFileType = sourcecode.c.objc; path = PinyinHelper.m; sourceTree = "<group>"; };
		D48FD9F31EC4961000350FE7 /* unicode_to_hanyu_pinyin.txt */ = {isa = PBXFileReference; fileEncoding = 4; lastKnownFileType = text; path = unicode_to_hanyu_pinyin.txt; sourceTree = "<group>"; };
		D48FD9FB1EC4962F00350FE7 /* CityAirport.h */ = {isa = PBXFileReference; fileEncoding = 4; lastKnownFileType = sourcecode.c.h; path = CityAirport.h; sourceTree = "<group>"; };
		D48FD9FC1EC4962F00350FE7 /* CityAirport.m */ = {isa = PBXFileReference; fileEncoding = 4; lastKnownFileType = sourcecode.c.objc; path = CityAirport.m; sourceTree = "<group>"; };
		D48FDA031EC49A7F00350FE7 /* SelectAirportTableViewController.h */ = {isa = PBXFileReference; fileEncoding = 4; lastKnownFileType = sourcecode.c.h; path = SelectAirportTableViewController.h; sourceTree = "<group>"; };
		D48FDA041EC49A7F00350FE7 /* SelectAirportTableViewController.m */ = {isa = PBXFileReference; fileEncoding = 4; lastKnownFileType = sourcecode.c.objc; path = SelectAirportTableViewController.m; sourceTree = "<group>"; };
		D48FDA051EC49A7F00350FE7 /* SelectAirportTableViewController.xib */ = {isa = PBXFileReference; fileEncoding = 4; lastKnownFileType = file.xib; path = SelectAirportTableViewController.xib; sourceTree = "<group>"; };
		D48FDA081EC4B1F200350FE7 /* TXCityTableViewCell.h */ = {isa = PBXFileReference; fileEncoding = 4; lastKnownFileType = sourcecode.c.h; path = TXCityTableViewCell.h; sourceTree = "<group>"; };
		D48FDA091EC4B1F200350FE7 /* TXCityTableViewCell.m */ = {isa = PBXFileReference; fileEncoding = 4; lastKnownFileType = sourcecode.c.objc; path = TXCityTableViewCell.m; sourceTree = "<group>"; };
		D48FDA0A1EC4B1F200350FE7 /* TXCityTableViewCell.xib */ = {isa = PBXFileReference; fileEncoding = 4; lastKnownFileType = file.xib; path = TXCityTableViewCell.xib; sourceTree = "<group>"; };
		D48FDA0D1EC4B34300350FE7 /* TXCityCollectionViewCell.h */ = {isa = PBXFileReference; fileEncoding = 4; lastKnownFileType = sourcecode.c.h; path = TXCityCollectionViewCell.h; sourceTree = "<group>"; };
		D48FDA0E1EC4B34300350FE7 /* TXCityCollectionViewCell.m */ = {isa = PBXFileReference; fileEncoding = 4; lastKnownFileType = sourcecode.c.objc; path = TXCityCollectionViewCell.m; sourceTree = "<group>"; };
		D48FDA0F1EC4B34300350FE7 /* TXCityCollectionViewCell.xib */ = {isa = PBXFileReference; fileEncoding = 4; lastKnownFileType = file.xib; path = TXCityCollectionViewCell.xib; sourceTree = "<group>"; };
/* End PBXFileReference section */

/* Begin PBXFrameworksBuildPhase section */
		D48FD9AD1EC495F300350FE7 /* Frameworks */ = {
			isa = PBXFrameworksBuildPhase;
			buildActionMask = 2147483647;
			files = (
			);
			runOnlyForDeploymentPostprocessing = 0;
		};
		D48FD9C61EC495F300350FE7 /* Frameworks */ = {
			isa = PBXFrameworksBuildPhase;
			buildActionMask = 2147483647;
			files = (
			);
			runOnlyForDeploymentPostprocessing = 0;
		};
		D48FD9D11EC495F300350FE7 /* Frameworks */ = {
			isa = PBXFrameworksBuildPhase;
			buildActionMask = 2147483647;
			files = (
			);
			runOnlyForDeploymentPostprocessing = 0;
		};
/* End PBXFrameworksBuildPhase section */

/* Begin PBXGroup section */
		D48FD9A71EC495F300350FE7 = {
			isa = PBXGroup;
			children = (
				D48FD9B21EC495F300350FE7 /* CityDemo */,
				D48FD9CC1EC495F300350FE7 /* CityDemoTests */,
				D48FD9D71EC495F300350FE7 /* CityDemoUITests */,
				D48FD9B11EC495F300350FE7 /* Products */,
			);
			sourceTree = "<group>";
		};
		D48FD9B11EC495F300350FE7 /* Products */ = {
			isa = PBXGroup;
			children = (
				D48FD9B01EC495F300350FE7 /* CityDemo.app */,
				D48FD9C91EC495F300350FE7 /* CityDemoTests.xctest */,
				D48FD9D41EC495F300350FE7 /* CityDemoUITests.xctest */,
			);
			name = Products;
			sourceTree = "<group>";
		};
		D48FD9B21EC495F300350FE7 /* CityDemo */ = {
			isa = PBXGroup;
			children = (
				D48FD9FB1EC4962F00350FE7 /* CityAirport.h */,
				D48FD9FC1EC4962F00350FE7 /* CityAirport.m */,
				D48FDA031EC49A7F00350FE7 /* SelectAirportTableViewController.h */,
				D48FDA041EC49A7F00350FE7 /* SelectAirportTableViewController.m */,
				D48FDA051EC49A7F00350FE7 /* SelectAirportTableViewController.xib */,
				D48FD9B61EC495F300350FE7 /* AppDelegate.h */,
				D48FD9B71EC495F300350FE7 /* AppDelegate.m */,
				D48FD9B91EC495F300350FE7 /* ViewController.h */,
				D48FD9BA1EC495F300350FE7 /* ViewController.m */,
				D48FD9BC1EC495F300350FE7 /* Main.storyboard */,
				D48FD9BF1EC495F300350FE7 /* Assets.xcassets */,
				D48FD9C11EC495F300350FE7 /* LaunchScreen.storyboard */,
				D48FD9C41EC495F300350FE7 /* Info.plist */,
				D48FD9E61EC4961000350FE7 /* SearchWithPinYin */,
				D48FD9B31EC495F300350FE7 /* Supporting Files */,
				D48FDA081EC4B1F200350FE7 /* TXCityTableViewCell.h */,
				D48FDA091EC4B1F200350FE7 /* TXCityTableViewCell.m */,
				D48FDA0A1EC4B1F200350FE7 /* TXCityTableViewCell.xib */,
				D48FDA0D1EC4B34300350FE7 /* TXCityCollectionViewCell.h */,
				D48FDA0E1EC4B34300350FE7 /* TXCityCollectionViewCell.m */,
				D48FDA0F1EC4B34300350FE7 /* TXCityCollectionViewCell.xib */,
			);
			path = CityDemo;
			sourceTree = "<group>";
		};
		D48FD9B31EC495F300350FE7 /* Supporting Files */ = {
			isa = PBXGroup;
			children = (
				D48FD9B41EC495F300350FE7 /* main.m */,
			);
			name = "Supporting Files";
			sourceTree = "<group>";
		};
		D48FD9CC1EC495F300350FE7 /* CityDemoTests */ = {
			isa = PBXGroup;
			children = (
				D48FD9CD1EC495F300350FE7 /* CityDemoTests.m */,
				D48FD9CF1EC495F300350FE7 /* Info.plist */,
			);
			path = CityDemoTests;
			sourceTree = "<group>";
		};
		D48FD9D71EC495F300350FE7 /* CityDemoUITests */ = {
			isa = PBXGroup;
			children = (
				D48FD9D81EC495F300350FE7 /* CityDemoUITests.m */,
				D48FD9DA1EC495F300350FE7 /* Info.plist */,
			);
			path = CityDemoUITests;
			sourceTree = "<group>";
		};
		D48FD9E61EC4961000350FE7 /* SearchWithPinYin */ = {
			isa = PBXGroup;
			children = (
				D48FD9E71EC4961000350FE7 /* ChineseToPinyinResource.h */,
				D48FD9E81EC4961000350FE7 /* ChineseToPinyinResource.m */,
				D48FD9E91EC4961000350FE7 /* HanyuPinyinOutputFormat.h */,
				D48FD9EA1EC4961000350FE7 /* HanyuPinyinOutputFormat.m */,
				D48FD9EB1EC4961000350FE7 /* NSString+PinYin4Cocoa.h */,
				D48FD9EC1EC4961000350FE7 /* NSString+PinYin4Cocoa.m */,
				D48FD9ED1EC4961000350FE7 /* PinyinFormatter.h */,
				D48FD9EE1EC4961000350FE7 /* PinyinFormatter.m */,
				D48FD9EF1EC4961000350FE7 /* PinYinForObjc.h */,
				D48FD9F01EC4961000350FE7 /* PinYinForObjc.m */,
				D48FD9F11EC4961000350FE7 /* PinyinHelper.h */,
				D48FD9F21EC4961000350FE7 /* PinyinHelper.m */,
				D48FD9F31EC4961000350FE7 /* unicode_to_hanyu_pinyin.txt */,
			);
			path = SearchWithPinYin;
			sourceTree = "<group>";
		};
/* End PBXGroup section */

/* Begin PBXNativeTarget section */
		D48FD9AF1EC495F300350FE7 /* CityDemo */ = {
			isa = PBXNativeTarget;
			buildConfigurationList = D48FD9DD1EC495F300350FE7 /* Build configuration list for PBXNativeTarget "CityDemo" */;
			buildPhases = (
				D48FD9AC1EC495F300350FE7 /* Sources */,
				D48FD9AD1EC495F300350FE7 /* Frameworks */,
				D48FD9AE1EC495F300350FE7 /* Resources */,
			);
			buildRules = (
			);
			dependencies = (
			);
			name = CityDemo;
			productName = CityDemo;
			productReference = D48FD9B01EC495F300350FE7 /* CityDemo.app */;
			productType = "com.apple.product-type.application";
		};
		D48FD9C81EC495F300350FE7 /* CityDemoTests */ = {
			isa = PBXNativeTarget;
			buildConfigurationList = D48FD9E01EC495F300350FE7 /* Build configuration list for PBXNativeTarget "CityDemoTests" */;
			buildPhases = (
				D48FD9C51EC495F300350FE7 /* Sources */,
				D48FD9C61EC495F300350FE7 /* Frameworks */,
				D48FD9C71EC495F300350FE7 /* Resources */,
			);
			buildRules = (
			);
			dependencies = (
				D48FD9CB1EC495F300350FE7 /* PBXTargetDependency */,
			);
			name = CityDemoTests;
			productName = CityDemoTests;
			productReference = D48FD9C91EC495F300350FE7 /* CityDemoTests.xctest */;
			productType = "com.apple.product-type.bundle.unit-test";
		};
		D48FD9D31EC495F300350FE7 /* CityDemoUITests */ = {
			isa = PBXNativeTarget;
			buildConfigurationList = D48FD9E31EC495F300350FE7 /* Build configuration list for PBXNativeTarget "CityDemoUITests" */;
			buildPhases = (
				D48FD9D01EC495F300350FE7 /* Sources */,
				D48FD9D11EC495F300350FE7 /* Frameworks */,
				D48FD9D21EC495F300350FE7 /* Resources */,
			);
			buildRules = (
			);
			dependencies = (
				D48FD9D61EC495F300350FE7 /* PBXTargetDependency */,
			);
			name = CityDemoUITests;
			productName = CityDemoUITests;
			productReference = D48FD9D41EC495F300350FE7 /* CityDemoUITests.xctest */;
			productType = "com.apple.product-type.bundle.ui-testing";
		};
/* End PBXNativeTarget section */

/* Begin PBXProject section */
		D48FD9A81EC495F300350FE7 /* Project object */ = {
			isa = PBXProject;
			attributes = {
				LastUpgradeCheck = 0820;
				ORGANIZATIONNAME = RogerChen;
				TargetAttributes = {
					D48FD9AF1EC495F300350FE7 = {
						CreatedOnToolsVersion = 8.2.1;
						DevelopmentTeam = 228VX6E96K;
						ProvisioningStyle = Automatic;
					};
					D48FD9C81EC495F300350FE7 = {
						CreatedOnToolsVersion = 8.2.1;
						DevelopmentTeam = 228VX6E96K;
						ProvisioningStyle = Automatic;
						TestTargetID = D48FD9AF1EC495F300350FE7;
					};
					D48FD9D31EC495F300350FE7 = {
						CreatedOnToolsVersion = 8.2.1;
						DevelopmentTeam = 228VX6E96K;
						ProvisioningStyle = Automatic;
						TestTargetID = D48FD9AF1EC495F300350FE7;
					};
				};
			};
			buildConfigurationList = D48FD9AB1EC495F300350FE7 /* Build configuration list for PBXProject "CityDemo" */;
			compatibilityVersion = "Xcode 3.2";
			developmentRegion = English;
			hasScannedForEncodings = 0;
			knownRegions = (
				en,
				Base,
			);
			mainGroup = D48FD9A71EC495F300350FE7;
			productRefGroup = D48FD9B11EC495F300350FE7 /* Products */;
			projectDirPath = "";
			projectRoot = "";
			targets = (
				D48FD9AF1EC495F300350FE7 /* CityDemo */,
				D48FD9C81EC495F300350FE7 /* CityDemoTests */,
				D48FD9D31EC495F300350FE7 /* CityDemoUITests */,
			);
		};
/* End PBXProject section */

/* Begin PBXResourcesBuildPhase section */
		D48FD9AE1EC495F300350FE7 /* Resources */ = {
			isa = PBXResourcesBuildPhase;
			buildActionMask = 2147483647;
			files = (
				D48FDA111EC4B34300350FE7 /* TXCityCollectionViewCell.xib in Resources */,
				D48FDA0C1EC4B1F200350FE7 /* TXCityTableViewCell.xib in Resources */,
				D48FDA071EC49A7F00350FE7 /* SelectAirportTableViewController.xib in Resources */,
				D48FD9FA1EC4961000350FE7 /* unicode_to_hanyu_pinyin.txt in Resources */,
				D48FD9C31EC495F300350FE7 /* LaunchScreen.storyboard in Resources */,
				D48FD9C01EC495F300350FE7 /* Assets.xcassets in Resources */,
				D48FD9BE1EC495F300350FE7 /* Main.storyboard in Resources */,
			);
			runOnlyForDeploymentPostprocessing = 0;
		};
		D48FD9C71EC495F300350FE7 /* Resources */ = {
			isa = PBXResourcesBuildPhase;
			buildActionMask = 2147483647;
			files = (
			);
			runOnlyForDeploymentPostprocessing = 0;
		};
		D48FD9D21EC495F300350FE7 /* Resources */ = {
			isa = PBXResourcesBuildPhase;
			buildActionMask = 2147483647;
			files = (
			);
			runOnlyForDeploymentPostprocessing = 0;
		};
/* End PBXResourcesBuildPhase section */

/* Begin PBXSourcesBuildPhase section */
		D48FD9AC1EC495F300350FE7 /* Sources */ = {
			isa = PBXSourcesBuildPhase;
			buildActionMask = 2147483647;
			files = (
				D48FD9F91EC4961000350FE7 /* PinyinHelper.m in Sources */,
				D48FD9BB1EC495F300350FE7 /* ViewController.m in Sources */,
				D48FD9F51EC4961000350FE7 /* HanyuPinyinOutputFormat.m in Sources */,
				D48FD9F41EC4961000350FE7 /* ChineseToPinyinResource.m in Sources */,
				D48FDA001EC4962F00350FE7 /* CityAirport.m in Sources */,
				D48FD9F61EC4961000350FE7 /* NSString+PinYin4Cocoa.m in Sources */,
				D48FD9F71EC4961000350FE7 /* PinyinFormatter.m in Sources */,
				D48FDA061EC49A7F00350FE7 /* SelectAirportTableViewController.m in Sources */,
				D48FDA101EC4B34300350FE7 /* TXCityCollectionViewCell.m in Sources */,
				D48FDA0B1EC4B1F200350FE7 /* TXCityTableViewCell.m in Sources */,
				D48FD9B81EC495F300350FE7 /* AppDelegate.m in Sources */,
				D48FD9F81EC4961000350FE7 /* PinYinForObjc.m in Sources */,
				D48FD9B51EC495F300350FE7 /* main.m in Sources */,
			);
			runOnlyForDeploymentPostprocessing = 0;
		};
		D48FD9C51EC495F300350FE7 /* Sources */ = {
			isa = PBXSourcesBuildPhase;
			buildActionMask = 2147483647;
			files = (
				D48FD9CE1EC495F300350FE7 /* CityDemoTests.m in Sources */,
			);
			runOnlyForDeploymentPostprocessing = 0;
		};
		D48FD9D01EC495F300350FE7 /* Sources */ = {
			isa = PBXSourcesBuildPhase;
			buildActionMask = 2147483647;
			files = (
				D48FD9D91EC495F300350FE7 /* CityDemoUITests.m in Sources */,
			);
			runOnlyForDeploymentPostprocessing = 0;
		};
/* End PBXSourcesBuildPhase section */

/* Begin PBXTargetDependency section */
		D48FD9CB1EC495F300350FE7 /* PBXTargetDependency */ = {
			isa = PBXTargetDependency;
			target = D48FD9AF1EC495F300350FE7 /* CityDemo */;
			targetProxy = D48FD9CA1EC495F300350FE7 /* PBXContainerItemProxy */;
		};
		D48FD9D61EC495F300350FE7 /* PBXTargetDependency */ = {
			isa = PBXTargetDependency;
			target = D48FD9AF1EC495F300350FE7 /* CityDemo */;
			targetProxy = D48FD9D51EC495F300350FE7 /* PBXContainerItemProxy */;
		};
/* End PBXTargetDependency section */

/* Begin PBXVariantGroup section */
		D48FD9BC1EC495F300350FE7 /* Main.storyboard */ = {
			isa = PBXVariantGroup;
			children = (
				D48FD9BD1EC495F300350FE7 /* Base */,
			);
			name = Main.storyboard;
			sourceTree = "<group>";
		};
		D48FD9C11EC495F300350FE7 /* LaunchScreen.storyboard */ = {
			isa = PBXVariantGroup;
			children = (
				D48FD9C21EC495F300350FE7 /* Base */,
			);
			name = LaunchScreen.storyboard;
			sourceTree = "<group>";
		};
/* End PBXVariantGroup section */

/* Begin XCBuildConfiguration section */
		D48FD9DB1EC495F300350FE7 /* Debug */ = {
			isa = XCBuildConfiguration;
			buildSettings = {
				ALWAYS_SEARCH_USER_PATHS = NO;
				CLANG_ANALYZER_NONNULL = YES;
				CLANG_CXX_LANGUAGE_STANDARD = "gnu++0x";
				CLANG_CXX_LIBRARY = "libc++";
				CLANG_ENABLE_MODULES = YES;
				CLANG_ENABLE_OBJC_ARC = YES;
				CLANG_WARN_BOOL_CONVERSION = YES;
				CLANG_WARN_CONSTANT_CONVERSION = YES;
				CLANG_WARN_DIRECT_OBJC_ISA_USAGE = YES_ERROR;
				CLANG_WARN_DOCUMENTATION_COMMENTS = YES;
				CLANG_WARN_EMPTY_BODY = YES;
				CLANG_WARN_ENUM_CONVERSION = YES;
				CLANG_WARN_INFINITE_RECURSION = YES;
				CLANG_WARN_INT_CONVERSION = YES;
				CLANG_WARN_OBJC_ROOT_CLASS = YES_ERROR;
				CLANG_WARN_SUSPICIOUS_MOVE = YES;
				CLANG_WARN_UNREACHABLE_CODE = YES;
				CLANG_WARN__DUPLICATE_METHOD_MATCH = YES;
				"CODE_SIGN_IDENTITY[sdk=iphoneos*]" = "iPhone Developer";
				COPY_PHASE_STRIP = NO;
				DEBUG_INFORMATION_FORMAT = dwarf;
				ENABLE_STRICT_OBJC_MSGSEND = YES;
				ENABLE_TESTABILITY = YES;
				GCC_C_LANGUAGE_STANDARD = gnu99;
				GCC_DYNAMIC_NO_PIC = NO;
				GCC_NO_COMMON_BLOCKS = YES;
				GCC_OPTIMIZATION_LEVEL = 0;
				GCC_PREPROCESSOR_DEFINITIONS = (
					"DEBUG=1",
					"$(inherited)",
				);
				GCC_WARN_64_TO_32_BIT_CONVERSION = YES;
				GCC_WARN_ABOUT_RETURN_TYPE = YES_ERROR;
				GCC_WARN_UNDECLARED_SELECTOR = YES;
				GCC_WARN_UNINITIALIZED_AUTOS = YES_AGGRESSIVE;
				GCC_WARN_UNUSED_FUNCTION = YES;
				GCC_WARN_UNUSED_VARIABLE = YES;
				IPHONEOS_DEPLOYMENT_TARGET = 8.0;
				MTL_ENABLE_DEBUG_INFO = YES;
				ONLY_ACTIVE_ARCH = YES;
				SDKROOT = iphoneos;
				TARGETED_DEVICE_FAMILY = "1,2";
			};
			name = Debug;
		};
		D48FD9DC1EC495F300350FE7 /* Release */ = {
			isa = XCBuildConfiguration;
			buildSettings = {
				ALWAYS_SEARCH_USER_PATHS = NO;
				CLANG_ANALYZER_NONNULL = YES;
				CLANG_CXX_LANGUAGE_STANDARD = "gnu++0x";
				CLANG_CXX_LIBRARY = "libc++";
				CLANG_ENABLE_MODULES = YES;
				CLANG_ENABLE_OBJC_ARC = YES;
				CLANG_WARN_BOOL_CONVERSION = YES;
				CLANG_WARN_CONSTANT_CONVERSION = YES;
				CLANG_WARN_DIRECT_OBJC_ISA_USAGE = YES_ERROR;
				CLANG_WARN_DOCUMENTATION_COMMENTS = YES;
				CLANG_WARN_EMPTY_BODY = YES;
				CLANG_WARN_ENUM_CONVERSION = YES;
				CLANG_WARN_INFINITE_RECURSION = YES;
				CLANG_WARN_INT_CONVERSION = YES;
				CLANG_WARN_OBJC_ROOT_CLASS = YES_ERROR;
				CLANG_WARN_SUSPICIOUS_MOVE = YES;
				CLANG_WARN_UNREACHABLE_CODE = YES;
				CLANG_WARN__DUPLICATE_METHOD_MATCH = YES;
				"CODE_SIGN_IDENTITY[sdk=iphoneos*]" = "iPhone Developer";
				COPY_PHASE_STRIP = NO;
				DEBUG_INFORMATION_FORMAT = "dwarf-with-dsym";
				ENABLE_NS_ASSERTIONS = NO;
				ENABLE_STRICT_OBJC_MSGSEND = YES;
				GCC_C_LANGUAGE_STANDARD = gnu99;
				GCC_NO_COMMON_BLOCKS = YES;
				GCC_WARN_64_TO_32_BIT_CONVERSION = YES;
				GCC_WARN_ABOUT_RETURN_TYPE = YES_ERROR;
				GCC_WARN_UNDECLARED_SELECTOR = YES;
				GCC_WARN_UNINITIALIZED_AUTOS = YES_AGGRESSIVE;
				GCC_WARN_UNUSED_FUNCTION = YES;
				GCC_WARN_UNUSED_VARIABLE = YES;
				IPHONEOS_DEPLOYMENT_TARGET = 8.0;
				MTL_ENABLE_DEBUG_INFO = NO;
				SDKROOT = iphoneos;
				TARGETED_DEVICE_FAMILY = "1,2";
				VALIDATE_PRODUCT = YES;
			};
			name = Release;
		};
		D48FD9DE1EC495F300350FE7 /* Debug */ = {
			isa = XCBuildConfiguration;
			buildSettings = {
				ASSETCATALOG_COMPILER_APPICON_NAME = AppIcon;
				DEVELOPMENT_TEAM = 228VX6E96K;
				INFOPLIST_FILE = CityDemo/Info.plist;
				LD_RUNPATH_SEARCH_PATHS = "$(inherited) @executable_path/Frameworks";
				PRODUCT_BUNDLE_IDENTIFIER = com.RogerChen.CityDemo;
				PRODUCT_NAME = "$(TARGET_NAME)";
			};
			name = Debug;
		};
		D48FD9DF1EC495F300350FE7 /* Release */ = {
			isa = XCBuildConfiguration;
			buildSettings = {
				ASSETCATALOG_COMPILER_APPICON_NAME = AppIcon;
				DEVELOPMENT_TEAM = 228VX6E96K;
				INFOPLIST_FILE = CityDemo/Info.plist;
				LD_RUNPATH_SEARCH_PATHS = "$(inherited) @executable_path/Frameworks";
				PRODUCT_BUNDLE_IDENTIFIER = com.RogerChen.CityDemo;
				PRODUCT_NAME = "$(TARGET_NAME)";
			};
			name = Release;
		};
		D48FD9E11EC495F300350FE7 /* Debug */ = {
			isa = XCBuildConfiguration;
			buildSettings = {
				BUNDLE_LOADER = "$(TEST_HOST)";
				DEVELOPMENT_TEAM = 228VX6E96K;
				INFOPLIST_FILE = CityDemoTests/Info.plist;
				LD_RUNPATH_SEARCH_PATHS = "$(inherited) @executable_path/Frameworks @loader_path/Frameworks";
				PRODUCT_BUNDLE_IDENTIFIER = com.RogerChen.CityDemoTests;
				PRODUCT_NAME = "$(TARGET_NAME)";
				TEST_HOST = "$(BUILT_PRODUCTS_DIR)/CityDemo.app/CityDemo";
			};
			name = Debug;
		};
		D48FD9E21EC495F300350FE7 /* Release */ = {
			isa = XCBuildConfiguration;
			buildSettings = {
				BUNDLE_LOADER = "$(TEST_HOST)";
				DEVELOPMENT_TEAM = 228VX6E96K;
				INFOPLIST_FILE = CityDemoTests/Info.plist;
				LD_RUNPATH_SEARCH_PATHS = "$(inherited) @executable_path/Frameworks @loader_path/Frameworks";
				PRODUCT_BUNDLE_IDENTIFIER = com.RogerChen.CityDemoTests;
				PRODUCT_NAME = "$(TARGET_NAME)";
				TEST_HOST = "$(BUILT_PRODUCTS_DIR)/CityDemo.app/CityDemo";
			};
			name = Release;
		};
		D48FD9E41EC495F300350FE7 /* Debug */ = {
			isa = XCBuildConfiguration;
			buildSettings = {
				DEVELOPMENT_TEAM = 228VX6E96K;
				INFOPLIST_FILE = CityDemoUITests/Info.plist;
				LD_RUNPATH_SEARCH_PATHS = "$(inherited) @executable_path/Frameworks @loader_path/Frameworks";
				PRODUCT_BUNDLE_IDENTIFIER = com.RogerChen.CityDemoUITests;
				PRODUCT_NAME = "$(TARGET_NAME)";
				TEST_TARGET_NAME = CityDemo;
			};
			name = Debug;
		};
		D48FD9E51EC495F300350FE7 /* Release */ = {
			isa = XCBuildConfiguration;
			buildSettings = {
				DEVELOPMENT_TEAM = 228VX6E96K;
				INFOPLIST_FILE = CityDemoUITests/Info.plist;
				LD_RUNPATH_SEARCH_PATHS = "$(inherited) @executable_path/Frameworks @loader_path/Frameworks";
				PRODUCT_BUNDLE_IDENTIFIER = com.RogerChen.CityDemoUITests;
				PRODUCT_NAME = "$(TARGET_NAME)";
				TEST_TARGET_NAME = CityDemo;
			};
			name = Release;
		};
/* End XCBuildConfiguration section */

/* Begin XCConfigurationList section */
		D48FD9AB1EC495F300350FE7 /* Build configuration list for PBXProject "CityDemo" */ = {
			isa = XCConfigurationList;
			buildConfigurations = (
				D48FD9DB1EC495F300350FE7 /* Debug */,
				D48FD9DC1EC495F300350FE7 /* Release */,
			);
			defaultConfigurationIsVisible = 0;
			defaultConfigurationName = Release;
		};
		D48FD9DD1EC495F300350FE7 /* Build configuration list for PBXNativeTarget "CityDemo" */ = {
			isa = XCConfigurationList;
			buildConfigurations = (
				D48FD9DE1EC495F300350FE7 /* Debug */,
				D48FD9DF1EC495F300350FE7 /* Release */,
			);
			defaultConfigurationIsVisible = 0;
		};
		D48FD9E01EC495F300350FE7 /* Build configuration list for PBXNativeTarget "CityDemoTests" */ = {
			isa = XCConfigurationList;
			buildConfigurations = (
				D48FD9E11EC495F300350FE7 /* Debug */,
				D48FD9E21EC495F300350FE7 /* Release */,
			);
			defaultConfigurationIsVisible = 0;
		};
		D48FD9E31EC495F300350FE7 /* Build configuration list for PBXNativeTarget "CityDemoUITests" */ = {
			isa = XCConfigurationList;
			buildConfigurations = (
				D48FD9E41EC495F300350FE7 /* Debug */,
				D48FD9E51EC495F300350FE7 /* Release */,
			);
			defaultConfigurationIsVisible = 0;
		};
/* End XCConfigurationList section */
	};
	rootObject = D48FD9A81EC495F300350FE7 /* Project object */;
}
